# This file is automatically @generated by Poetry 2.2.1 and should not be changed by hand.

[[package]]
name = "black"
version = "26.1a1"
description = "The uncompromising code formatter."
optional = false
python-versions = ">=3.10"
groups = ["dev"]
files = [
    {file = "black-26.1a1-cp310-cp310-macosx_10_9_x86_64.whl", hash = "sha256:6bef30dd59ee2f3cead8676fb20b02eb61e2a62242e1687bb487d83b4f2c4f5d"},
    {file = "black-26.1a1-cp310-cp310-macosx_11_0_arm64.whl", hash = "sha256:6718cb8982a2b9be04df81656c7d011fc08ba6ba65dda5fe11fe3bda38968d34"},
    {file = "black-26.1a1-cp310-cp310-manylinux2014_x86_64.manylinux_2_17_x86_64.manylinux_2_28_x86_64.whl", hash = "sha256:8fb482cf11667cd271a900cef5e58648c4511f3e25902cf1d35b4294c6964c99"},
    {file = "black-26.1a1-cp310-cp310-win_amd64.whl", hash = "sha256:b99fc4c580ade0bc0948e385d39f2c2e6a458d43ac5f58359c071150734ea057"},
    {file = "black-26.1a1-cp310-cp310-win_arm64.whl", hash = "sha256:eecb51f4723de7f8dcf8152e77e7a4728cfe37d9320ee8dd7a611776ba65cab1"},
    {file = "black-26.1a1-cp311-cp311-macosx_10_9_x86_64.whl", hash = "sha256:4a53050858fc044511aec05996286803d7eb9ef96eb581a8b8fbeb8a602602c8"},
    {file = "black-26.1a1-cp311-cp311-macosx_11_0_arm64.whl", hash = "sha256:afb4ca2d4b97671adb37168826e6d7a05d0202096ba8d5ca964cf95a64f7e717"},
    {file = "black-26.1a1-cp311-cp311-manylinux2014_x86_64.manylinux_2_17_x86_64.manylinux_2_28_x86_64.whl", hash = "sha256:2a156b749b15d29a5ff6ab4b460d88135ae39378d3faa0f7595ca015ab5463a7"},
    {file = "black-26.1a1-cp311-cp311-win_amd64.whl", hash = "sha256:f3a1123882750cc61488bb7ac75cfe8fcbfdec643e193d0b79716e4d77498b91"},
    {file = "black-26.1a1-cp311-cp311-win_arm64.whl", hash = "sha256:2a780a7fa4f0096fb71a9a5cd8c0feb125cd0370bc798ad3d8bcfbfc97e42b5b"},
    {file = "black-26.1a1-cp312-cp312-macosx_10_13_x86_64.whl", hash = "sha256:ad5981deadad3a872a4403f82f49457f4cb2f152efd50f2e5b6dd101a198798e"},
    {file = "black-26.1a1-cp312-cp312-macosx_11_0_arm64.whl", hash = "sha256:f84eb4b15c270dac9b8c4a1535653a4cd38dbe30460da6dfe74409edd30e9d6f"},
    {file = "black-26.1a1-cp312-cp312-manylinux2014_x86_64.manylinux_2_17_x86_64.manylinux_2_28_x86_64.whl", hash = "sha256:a559bfcb3388ed2abde1e46eda10c0c71f1efa1caabe91a563b3cd07a525c23e"},
    {file = "black-26.1a1-cp312-cp312-win_amd64.whl", hash = "sha256:7822a49f2a0150c03bff7102138e503509a70be60fac28a71c0c146295d4b8ce"},
    {file = "black-26.1a1-cp312-cp312-win_arm64.whl", hash = "sha256:564a123bfe55214391f5ce21180fb95b087fd3c82919dedf20a98e503aaa48a3"},
    {file = "black-26.1a1-cp313-cp313-macosx_10_13_x86_64.whl", hash = "sha256:65195e7a17a60d28179afb84f074d9e555046303c67ce28058fd8411acd633e8"},
    {file = "black-26.1a1-cp313-cp313-macosx_11_0_arm64.whl", hash = "sha256:ff8de0db7770f1d5fed5d62e74dd65718545e7ac0a5c78ffbd7252b87d7b7e10"},
    {file = "black-26.1a1-cp313-cp313-manylinux2014_x86_64.manylinux_2_17_x86_64.manylinux_2_28_x86_64.whl", hash = "sha256:e25b9abacd742b9bb4b2ade57c9e53a3699c7e07074111d110be53abe7b0e574"},
    {file = "black-26.1a1-cp313-cp313-win_amd64.whl", hash = "sha256:81af15917ab44c028634f296b43400741247fef0d4520d74b4642c028b753540"},
    {file = "black-26.1a1-cp313-cp313-win_arm64.whl", hash = "sha256:b7e5e95d386266338e5691cf6be49102d3a39387cb9c87443f35262f1f927074"},
    {file = "black-26.1a1-cp314-cp314-macosx_10_15_x86_64.whl", hash = "sha256:92d1513f5840560edf31b28dc18826b4b627353efd735ab88e633183e3570b99"},
    {file = "black-26.1a1-cp314-cp314-macosx_11_0_arm64.whl", hash = "sha256:c3d595ed7db33c7a28cb80411d8e9a5a32526183f233ad93fae674c76c4a3060"},
    {file = "black-26.1a1-cp314-cp314-manylinux2014_x86_64.manylinux_2_17_x86_64.manylinux_2_28_x86_64.whl", hash = "sha256:9479fe206a6bfdd8f450b0f29b283bec1a0cae53412dc5394a4fd52bf1149da4"},
    {file = "black-26.1a1-cp314-cp314-win_amd64.whl", hash = "sha256:f5f8711ddda89ea7bdb2b10b4924806bbf89d9139bcf78bb8e1a99508ea5bd65"},
    {file = "black-26.1a1-cp314-cp314-win_arm64.whl", hash = "sha256:ef3c684faf5846f75b935836def55638ae058f3ad08ee55290565bb49916e216"},
    {file = "black-26.1a1-py3-none-any.whl", hash = "sha256:29e6ef7319e76767d369b58e8cf4a8b9b88a5e841db144f8bdf6ea9e97007cb3"},
    {file = "black-26.1a1.tar.gz", hash = "sha256:aadb4d751d62016145662d3ffd388f5b33ca87736b3cf2f6c6a1a231a78b3783"},
]

[package.dependencies]
click = ">=8.0.0"
mypy-extensions = ">=0.4.3"
packaging = ">=22.0"
pathspec = ">=0.9.0"
platformdirs = ">=2"
pytokens = ">=0.3.0"
tomli = {version = ">=1.1.0", markers = "python_version < \"3.11\""}
typing-extensions = {version = ">=4.0.1", markers = "python_version < \"3.11\""}

[package.extras]
colorama = ["colorama (>=0.4.3)"]
d = ["aiohttp (>=3.10)"]
jupyter = ["ipython (>=7.8.0)", "tokenize-rt (>=3.2.0)"]
uvloop = ["uvloop (>=0.15.2)"]

[[package]]
name = "click"
version = "8.3.1"
description = "Composable command line interface toolkit"
optional = false
python-versions = ">=3.10"
groups = ["dev"]
files = [
    {file = "click-8.3.1-py3-none-any.whl", hash = "sha256:981153a64e25f12d547d3426c367a4857371575ee7ad18df2a6183ab0545b2a6"},
    {file = "click-8.3.1.tar.gz", hash = "sha256:12ff4785d337a1bb490bb7e9c2b1ee5da3112e94a8622f26a6c77f5d2fc6842a"},
]

[package.dependencies]
colorama = {version = "*", markers = "platform_system == \"Windows\""}

[[package]]
name = "colorama"
version = "0.4.6"
description = "Cross-platform colored terminal text."
optional = false
python-versions = "!=3.0.*,!=3.1.*,!=3.2.*,!=3.3.*,!=3.4.*,!=3.5.*,!=3.6.*,>=2.7"
groups = ["dev"]
markers = "platform_system == \"Windows\""
files = [
    {file = "colorama-0.4.6-py2.py3-none-any.whl", hash = "sha256:4f1d9991f5acc0ca119f9d443620b77f9d6b33703e51011c16baf57afb285fc6"},
    {file = "colorama-0.4.6.tar.gz", hash = "sha256:08695f5cb7ed6e0531a20572697297273c47b8cae5a63ffc6d6ed5c201be6e44"},
]

[[package]]
name = "eventsourcing"
version = "9.5.0a3"
description = "Event sourcing in Python"
optional = false
python-versions = ">=3.10.0"
groups = ["main", "dev"]
files = [
    {file = "eventsourcing-9.5.0a3-py3-none-any.whl", hash = "sha256:247a499e98d675486dd391a30752dc740594d3b07ee9952df8b19cff06aac6c9"},
    {file = "eventsourcing-9.5.0a3.tar.gz", hash = "sha256:8fb11972c2c250aa35d77035f73ff544e1c6349da04f3e0fc725f027d5d13d01"},
]

[package.dependencies]
pycryptodome = {version = ">=3.22", optional = true, markers = "extra == \"crypto\""}
typing_extensions = "*"

[package.extras]
crypto = ["pycryptodome (>=3.22)"]
cryptography = ["cryptography (>=44.0)"]
postgres = ["psycopg[pool] (>=3.2)"]

[[package]]
name = "isort"
version = "7.0.0"
description = "A Python utility / library to sort Python imports."
optional = false
python-versions = ">=3.10.0"
groups = ["dev"]
files = [
    {file = "isort-7.0.0-py3-none-any.whl", hash = "sha256:1bcabac8bc3c36c7fb7b98a76c8abb18e0f841a3ba81decac7691008592499c1"},
    {file = "isort-7.0.0.tar.gz", hash = "sha256:5513527951aadb3ac4292a41a16cbc50dd1642432f5e8c20057d414bdafb4187"},
]

[package.extras]
colors = ["colorama"]
plugins = ["setuptools"]

[[package]]
name = "librt"
version = "0.7.3"
description = "Mypyc runtime library"
optional = false
python-versions = ">=3.9"
groups = ["dev"]
files = [
    {file = "librt-0.7.3-cp310-cp310-macosx_10_9_x86_64.whl", hash = "sha256:2682162855a708e3270eba4b92026b93f8257c3e65278b456c77631faf0f4f7a"},
    {file = "librt-0.7.3-cp310-cp310-macosx_11_0_arm64.whl", hash = "sha256:440c788f707c061d237c1e83edf6164ff19f5c0f823a3bf054e88804ebf971ec"},
    {file = "librt-0.7.3-cp310-cp310-manylinux1_i686.manylinux_2_28_i686.manylinux_2_5_i686.whl", hash = "sha256:399938edbd3d78339f797d685142dd8a623dfaded023cf451033c85955e4838a"},
    {file = "librt-0.7.3-cp310-cp310-manylinux2014_aarch64.manylinux_2_17_aarch64.manylinux_2_28_aarch64.whl", hash = "sha256:1975eda520957c6e0eb52d12968dd3609ffb7eef05d4223d097893d6daf1d8a7"},
    {file = "librt-0.7.3-cp310-cp310-manylinux2014_x86_64.manylinux_2_17_x86_64.manylinux_2_28_x86_64.whl", hash = "sha256:f9da128d0edf990cf0d2ca011b02cd6f639e79286774bd5b0351245cbb5a6e51"},
    {file = "librt-0.7.3-cp310-cp310-musllinux_1_2_aarch64.whl", hash = "sha256:e19acfde38cb532a560b98f473adc741c941b7a9bc90f7294bc273d08becb58b"},
    {file = "librt-0.7.3-cp310-cp310-musllinux_1_2_i686.whl", hash = "sha256:7b4f57f7a0c65821c5441d98c47ff7c01d359b1e12328219709bdd97fdd37f90"},
    {file = "librt-0.7.3-cp310-cp310-musllinux_1_2_x86_64.whl", hash = "sha256:256793988bff98040de23c57cf36e1f4c2f2dc3dcd17537cdac031d3b681db71"},
    {file = "librt-0.7.3-cp310-cp310-win32.whl", hash = "sha256:fcb72249ac4ea81a7baefcbff74df7029c3cb1cf01a711113fa052d563639c9c"},
    {file = "librt-0.7.3-cp310-cp310-win_amd64.whl", hash = "sha256:4887c29cadbdc50640179e3861c276325ff2986791e6044f73136e6e798ff806"},
    {file = "librt-0.7.3-cp311-cp311-macosx_10_9_x86_64.whl", hash = "sha256:687403cced6a29590e6be6964463835315905221d797bc5c934a98750fe1a9af"},
    {file = "librt-0.7.3-cp311-cp311-macosx_11_0_arm64.whl", hash = "sha256:24d70810f6e2ea853ff79338001533716b373cc0f63e2a0be5bc96129edb5fb5"},
    {file = "librt-0.7.3-cp311-cp311-manylinux1_i686.manylinux_2_28_i686.manylinux_2_5_i686.whl", hash = "sha256:bf8c7735fbfc0754111f00edda35cf9e98a8d478de6c47b04eaa9cef4300eaa7"},
    {file = "librt-0.7.3-cp311-cp311-manylinux2014_aarch64.manylinux_2_17_aarch64.manylinux_2_28_aarch64.whl", hash = "sha256:e32d43610dff472eab939f4d7fbdd240d1667794192690433672ae22d7af8445"},
    {file = "librt-0.7.3-cp311-cp311-manylinux2014_x86_64.manylinux_2_17_x86_64.manylinux_2_28_x86_64.whl", hash = "sha256:adeaa886d607fb02563c1f625cf2ee58778a2567c0c109378da8f17ec3076ad7"},
    {file = "librt-0.7.3-cp311-cp311-musllinux_1_2_aarch64.whl", hash = "sha256:572a24fc5958c61431da456a0ef1eeea6b4989d81eeb18b8e5f1f3077592200b"},
    {file = "librt-0.7.3-cp311-cp311-musllinux_1_2_i686.whl", hash = "sha256:6488e69d408b492e08bfb68f20c4a899a354b4386a446ecd490baff8d0862720"},
    {file = "librt-0.7.3-cp311-cp311-musllinux_1_2_x86_64.whl", hash = "sha256:ed028fc3d41adda916320712838aec289956c89b4f0a361ceadf83a53b4c047a"},
    {file = "librt-0.7.3-cp311-cp311-win32.whl", hash = "sha256:2cf9d73499486ce39eebbff5f42452518cc1f88d8b7ea4a711ab32962b176ee2"},
    {file = "librt-0.7.3-cp311-cp311-win_amd64.whl", hash = "sha256:35f1609e3484a649bb80431310ddbec81114cd86648f1d9482bc72a3b86ded2e"},
    {file = "librt-0.7.3-cp311-cp311-win_arm64.whl", hash = "sha256:550fdbfbf5bba6a2960b27376ca76d6aaa2bd4b1a06c4255edd8520c306fcfc0"},
    {file = "librt-0.7.3-cp312-cp312-macosx_10_13_x86_64.whl", hash = "sha256:0fa9ac2e49a6bee56e47573a6786cb635e128a7b12a0dc7851090037c0d397a3"},
    {file = "librt-0.7.3-cp312-cp312-macosx_11_0_arm64.whl", hash = "sha256:2e980cf1ed1a2420a6424e2ed884629cdead291686f1048810a817de07b5eb18"},
    {file = "librt-0.7.3-cp312-cp312-manylinux1_i686.manylinux_2_28_i686.manylinux_2_5_i686.whl", hash = "sha256:e094e445c37c57e9ec612847812c301840239d34ccc5d153a982fa9814478c60"},
    {file = "librt-0.7.3-cp312-cp312-manylinux2014_aarch64.manylinux_2_17_aarch64.manylinux_2_28_aarch64.whl", hash = "sha256:aca73d70c3f553552ba9133d4a09e767dcfeee352d8d8d3eb3f77e38a3beb3ed"},
    {file = "librt-0.7.3-cp312-cp312-manylinux2014_x86_64.manylinux_2_17_x86_64.manylinux_2_28_x86_64.whl", hash = "sha256:c634a0a6db395fdaba0361aa78395597ee72c3aad651b9a307a3a7eaf5efd67e"},
    {file = "librt-0.7.3-cp312-cp312-musllinux_1_2_aarch64.whl", hash = "sha256:a59a69deeb458c858b8fea6acf9e2acd5d755d76cd81a655256bc65c20dfff5b"},
    {file = "librt-0.7.3-cp312-cp312-musllinux_1_2_i686.whl", hash = "sha256:d91e60ac44bbe3a77a67af4a4c13114cbe9f6d540337ce22f2c9eaf7454ca71f"},
    {file = "librt-0.7.3-cp312-cp312-musllinux_1_2_x86_64.whl", hash = "sha256:703456146dc2bf430f7832fd1341adac5c893ec3c1430194fdcefba00012555c"},
    {file = "librt-0.7.3-cp312-cp312-win32.whl", hash = "sha256:b7c1239b64b70be7759554ad1a86288220bbb04d68518b527783c4ad3fb4f80b"},
    {file = "librt-0.7.3-cp312-cp312-win_amd64.whl", hash = "sha256:ef59c938f72bdbc6ab52dc50f81d0637fde0f194b02d636987cea2ab30f8f55a"},
    {file = "librt-0.7.3-cp312-cp312-win_arm64.whl", hash = "sha256:ff21c554304e8226bf80c3a7754be27c6c3549a9fec563a03c06ee8f494da8fc"},
    {file = "librt-0.7.3-cp313-cp313-macosx_10_13_x86_64.whl", hash = "sha256:56f2a47beda8409061bc1c865bef2d4bd9ff9255219402c0817e68ab5ad89aed"},
    {file = "librt-0.7.3-cp313-cp313-macosx_11_0_arm64.whl", hash = "sha256:14569ac5dd38cfccf0a14597a88038fb16811a6fede25c67b79c6d50fc2c8fdc"},
    {file = "librt-0.7.3-cp313-cp313-manylinux1_i686.manylinux_2_28_i686.manylinux_2_5_i686.whl", hash = "sha256:6038ccbd5968325a5d6fd393cf6e00b622a8de545f0994b89dd0f748dcf3e19e"},
    {file = "librt-0.7.3-cp313-cp313-manylinux2014_aarch64.manylinux_2_17_aarch64.manylinux_2_28_aarch64.whl", hash = "sha256:d39079379a9a28e74f4d57dc6357fa310a1977b51ff12239d7271ec7e71d67f5"},
    {file = "librt-0.7.3-cp313-cp313-manylinux2014_x86_64.manylinux_2_17_x86_64.manylinux_2_28_x86_64.whl", hash = "sha256:8837d5a52a2d7aa9f4c3220a8484013aed1d8ad75240d9a75ede63709ef89055"},
    {file = "librt-0.7.3-cp313-cp313-musllinux_1_2_aarch64.whl", hash = "sha256:399bbd7bcc1633c3e356ae274a1deb8781c7bf84d9c7962cc1ae0c6e87837292"},
    {file = "librt-0.7.3-cp313-cp313-musllinux_1_2_i686.whl", hash = "sha256:8d8cf653e798ee4c4e654062b633db36984a1572f68c3aa25e364a0ddfbbb910"},
    {file = "librt-0.7.3-cp313-cp313-musllinux_1_2_x86_64.whl", hash = "sha256:2f03484b54bf4ae80ab2e504a8d99d20d551bfe64a7ec91e218010b467d77093"},
    {file = "librt-0.7.3-cp313-cp313-win32.whl", hash = "sha256:44b3689b040df57f492e02cd4f0bacd1b42c5400e4b8048160c9d5e866de8abe"},
    {file = "librt-0.7.3-cp313-cp313-win_amd64.whl", hash = "sha256:6b407c23f16ccc36614c136251d6b32bf30de7a57f8e782378f1107be008ddb0"},
    {file = "librt-0.7.3-cp313-cp313-win_arm64.whl", hash = "sha256:abfc57cab3c53c4546aee31859ef06753bfc136c9d208129bad23e2eca39155a"},
    {file = "librt-0.7.3-cp314-cp314-macosx_10_13_x86_64.whl", hash = "sha256:120dd21d46ff875e849f1aae19346223cf15656be489242fe884036b23d39e93"},
    {file = "librt-0.7.3-cp314-cp314-macosx_11_0_arm64.whl", hash = "sha256:1617bea5ab31266e152871208502ee943cb349c224846928a1173c864261375e"},
    {file = "librt-0.7.3-cp314-cp314-manylinux1_i686.manylinux_2_28_i686.manylinux_2_5_i686.whl", hash = "sha256:93b2a1f325fefa1482516ced160c8c7b4b8d53226763fa6c93d151fa25164207"},
    {file = "librt-0.7.3-cp314-cp314-manylinux2014_aarch64.manylinux_2_17_aarch64.manylinux_2_28_aarch64.whl", hash = "sha256:f3d4801db8354436fd3936531e7f0e4feb411f62433a6b6cb32bb416e20b529f"},
    {file = "librt-0.7.3-cp314-cp314-manylinux2014_x86_64.manylinux_2_17_x86_64.manylinux_2_28_x86_64.whl", hash = "sha256:11ad45122bbed42cfc8b0597450660126ef28fd2d9ae1a219bc5af8406f95678"},
    {file = "librt-0.7.3-cp314-cp314-musllinux_1_2_aarch64.whl", hash = "sha256:6b4e7bff1d76dd2b46443078519dc75df1b5e01562345f0bb740cea5266d8218"},
    {file = "librt-0.7.3-cp314-cp314-musllinux_1_2_i686.whl", hash = "sha256:d86f94743a11873317094326456b23f8a5788bad9161fd2f0e52088c33564620"},
    {file = "librt-0.7.3-cp314-cp314-musllinux_1_2_x86_64.whl", hash = "sha256:754a0d09997095ad764ccef050dd5bf26cbf457aab9effcba5890dad081d879e"},
    {file = "librt-0.7.3-cp314-cp314-win32.whl", hash = "sha256:fbd7351d43b80d9c64c3cfcb50008f786cc82cba0450e8599fdd64f264320bd3"},
    {file = "librt-0.7.3-cp314-cp314-win_amd64.whl", hash = "sha256:d376a35c6561e81d2590506804b428fc1075fcc6298fc5bb49b771534c0ba010"},
    {file = "librt-0.7.3-cp314-cp314-win_arm64.whl", hash = "sha256:cbdb3f337c88b43c3b49ca377731912c101178be91cb5071aac48faa898e6f8e"},
    {file = "librt-0.7.3-cp314-cp314t-macosx_10_13_x86_64.whl", hash = "sha256:9f0e0927efe87cd42ad600628e595a1a0aa1c64f6d0b55f7e6059079a428641a"},
    {file = "librt-0.7.3-cp314-cp314t-macosx_11_0_arm64.whl", hash = "sha256:020c6db391268bcc8ce75105cb572df8cb659a43fd347366aaa407c366e5117a"},
    {file = "librt-0.7.3-cp314-cp314t-manylinux1_i686.manylinux_2_28_i686.manylinux_2_5_i686.whl", hash = "sha256:7af7785f5edd1f418da09a8cdb9ec84b0213e23d597413e06525340bcce1ea4f"},
    {file = "librt-0.7.3-cp314-cp314t-manylinux2014_aarch64.manylinux_2_17_aarch64.manylinux_2_28_aarch64.whl", hash = "sha256:8ccadf260bb46a61b9c7e89e2218f6efea9f3eeaaab4e3d1f58571890e54858e"},
    {file = "librt-0.7.3-cp314-cp314t-manylinux2014_x86_64.manylinux_2_17_x86_64.manylinux_2_28_x86_64.whl", hash = "sha256:d9883b2d819ce83f87ba82a746c81d14ada78784db431e57cc9719179847376e"},
    {file = "librt-0.7.3-cp314-cp314t-musllinux_1_2_aarch64.whl", hash = "sha256:59cb0470612d21fa1efddfa0dd710756b50d9c7fb6c1236bbf8ef8529331dc70"},
    {file = "librt-0.7.3-cp314-cp314t-musllinux_1_2_i686.whl", hash = "sha256:1fe603877e1865b5fd047a5e40379509a4a60204aa7aa0f72b16f7a41c3f0712"},
    {file = "librt-0.7.3-cp314-cp314t-musllinux_1_2_x86_64.whl", hash = "sha256:5460d99ed30f043595bbdc888f542bad2caeb6226b01c33cda3ae444e8f82d42"},
    {file = "librt-0.7.3-cp314-cp314t-win32.whl", hash = "sha256:d09f677693328503c9e492e33e9601464297c01f9ebd966ea8fc5308f3069bfd"},
    {file = "librt-0.7.3-cp314-cp314t-win_amd64.whl", hash = "sha256:25711f364c64cab2c910a0247e90b51421e45dbc8910ceeb4eac97a9e132fc6f"},
    {file = "librt-0.7.3-cp314-cp314t-win_arm64.whl", hash = "sha256:a9f9b661f82693eb56beb0605156c7fca57f535704ab91837405913417d6990b"},
    {file = "librt-0.7.3-cp39-cp39-macosx_10_9_x86_64.whl", hash = "sha256:cd8551aa21df6c60baa2624fd086ae7486bdde00c44097b32e1d1b1966e365e0"},
    {file = "librt-0.7.3-cp39-cp39-macosx_11_0_arm64.whl", hash = "sha256:6eb9295c730e26b849ed1f4022735f36863eb46b14b6e10604c1c39b8b5efaea"},
    {file = "librt-0.7.3-cp39-cp39-manylinux1_i686.manylinux_2_28_i686.manylinux_2_5_i686.whl", hash = "sha256:3edbf257c40d21a42615e9e332a6b10a8bacaaf58250aed8552a14a70efd0d65"},
    {file = "librt-0.7.3-cp39-cp39-manylinux2014_aarch64.manylinux_2_17_aarch64.manylinux_2_28_aarch64.whl", hash = "sha256:7b29e97273bd6999e2bfe9fe3531b1f4f64effd28327bced048a33e49b99674a"},
    {file = "librt-0.7.3-cp39-cp39-manylinux2014_x86_64.manylinux_2_17_x86_64.manylinux_2_28_x86_64.whl", hash = "sha256:2e40520c37926166c24d0c2e0f3bc3a5f46646c34bdf7b4ea9747c297d6ee809"},
    {file = "librt-0.7.3-cp39-cp39-musllinux_1_2_aarch64.whl", hash = "sha256:6bdd9adfca615903578d2060ee8a6eb1c24eaf54919ff0ddc820118e5718931b"},
    {file = "librt-0.7.3-cp39-cp39-musllinux_1_2_i686.whl", hash = "sha256:f57aca20e637750a2c18d979f7096e2c2033cc40cf7ed201494318de1182f135"},
    {file = "librt-0.7.3-cp39-cp39-musllinux_1_2_x86_64.whl", hash = "sha256:cad9971881e4fec00d96af7eaf4b63aa7a595696fc221808b0d3ce7ca9743258"},
    {file = "librt-0.7.3-cp39-cp39-win32.whl", hash = "sha256:170cdb8436188347af17bf9cccf3249ba581c933ed56d926497119d4cf730cec"},
    {file = "librt-0.7.3-cp39-cp39-win_amd64.whl", hash = "sha256:b278a9248a4e3260fee3db7613772ca9ab6763a129d6d6f29555e2f9b168216d"},
    {file = "librt-0.7.3.tar.gz", hash = "sha256:3ec50cf65235ff5c02c5b747748d9222e564ad48597122a361269dd3aa808798"},
]

[[package]]
name = "mypy"
version = "1.19.0"
description = "Optional static typing for Python"
optional = false
python-versions = ">=3.9"
groups = ["dev"]
files = [
    {file = "mypy-1.19.0-cp310-cp310-macosx_10_9_x86_64.whl", hash = "sha256:6148ede033982a8c5ca1143de34c71836a09f105068aaa8b7d5edab2b053e6c8"},
    {file = "mypy-1.19.0-cp310-cp310-macosx_11_0_arm64.whl", hash = "sha256:a9ac09e52bb0f7fb912f5d2a783345c72441a08ef56ce3e17c1752af36340a39"},
    {file = "mypy-1.19.0-cp310-cp310-manylinux2014_aarch64.manylinux_2_17_aarch64.manylinux_2_28_aarch64.whl", hash = "sha256:11f7254c15ab3f8ed68f8e8f5cbe88757848df793e31c36aaa4d4f9783fd08ab"},
    {file = "mypy-1.19.0-cp310-cp310-manylinux2014_x86_64.manylinux_2_17_x86_64.manylinux_2_28_x86_64.whl", hash = "sha256:318ba74f75899b0e78b847d8c50821e4c9637c79d9a59680fc1259f29338cb3e"},
    {file = "mypy-1.19.0-cp310-cp310-musllinux_1_2_x86_64.whl", hash = "sha256:cf7d84f497f78b682edd407f14a7b6e1a2212b433eedb054e2081380b7395aa3"},
    {file = "mypy-1.19.0-cp310-cp310-win_amd64.whl", hash = "sha256:c3385246593ac2b97f155a0e9639be906e73534630f663747c71908dfbf26134"},
    {file = "mypy-1.19.0-cp311-cp311-macosx_10_9_x86_64.whl", hash = "sha256:a31e4c28e8ddb042c84c5e977e28a21195d086aaffaf08b016b78e19c9ef8106"},
    {file = "mypy-1.19.0-cp311-cp311-macosx_11_0_arm64.whl", hash = "sha256:34ec1ac66d31644f194b7c163d7f8b8434f1b49719d403a5d26c87fff7e913f7"},
    {file = "mypy-1.19.0-cp311-cp311-manylinux2014_aarch64.manylinux_2_17_aarch64.manylinux_2_28_aarch64.whl", hash = "sha256:cb64b0ba5980466a0f3f9990d1c582bcab8db12e29815ecb57f1408d99b4bff7"},
    {file = "mypy-1.19.0-cp311-cp311-manylinux2014_x86_64.manylinux_2_17_x86_64.manylinux_2_28_x86_64.whl", hash = "sha256:120cffe120cca5c23c03c77f84abc0c14c5d2e03736f6c312480020082f1994b"},
    {file = "mypy-1.19.0-cp311-cp311-musllinux_1_2_x86_64.whl", hash = "sha256:7a500ab5c444268a70565e374fc803972bfd1f09545b13418a5174e29883dab7"},
    {file = "mypy-1.19.0-cp311-cp311-win_amd64.whl", hash = "sha256:c14a98bc63fd867530e8ec82f217dae29d0550c86e70debc9667fff1ec83284e"},
    {file = "mypy-1.19.0-cp312-cp312-macosx_10_13_x86_64.whl", hash = "sha256:0fb3115cb8fa7c5f887c8a8d81ccdcb94cff334684980d847e5a62e926910e1d"},
    {file = "mypy-1.19.0-cp312-cp312-macosx_11_0_arm64.whl", hash = "sha256:f3e19e3b897562276bb331074d64c076dbdd3e79213f36eed4e592272dabd760"},
    {file = "mypy-1.19.0-cp312-cp312-manylinux2014_aarch64.manylinux_2_17_aarch64.manylinux_2_28_aarch64.whl", hash = "sha256:b9d491295825182fba01b6ffe2c6fe4e5a49dbf4e2bb4d1217b6ced3b4797bc6"},
    {file = "mypy-1.19.0-cp312-cp312-manylinux2014_x86_64.manylinux_2_17_x86_64.manylinux_2_28_x86_64.whl", hash = "sha256:6016c52ab209919b46169651b362068f632efcd5eb8ef9d1735f6f86da7853b2"},
    {file = "mypy-1.19.0-cp312-cp312-musllinux_1_2_x86_64.whl", hash = "sha256:f188dcf16483b3e59f9278c4ed939ec0254aa8a60e8fc100648d9ab5ee95a431"},
    {file = "mypy-1.19.0-cp312-cp312-win_amd64.whl", hash = "sha256:0e3c3d1e1d62e678c339e7ade72746a9e0325de42cd2cccc51616c7b2ed1a018"},
    {file = "mypy-1.19.0-cp313-cp313-macosx_10_13_x86_64.whl", hash = "sha256:7686ed65dbabd24d20066f3115018d2dce030d8fa9db01aa9f0a59b6813e9f9e"},
    {file = "mypy-1.19.0-cp313-cp313-macosx_11_0_arm64.whl", hash = "sha256:fd4a985b2e32f23bead72e2fb4bbe5d6aceee176be471243bd831d5b2644672d"},
    {file = "mypy-1.19.0-cp313-cp313-manylinux2014_aarch64.manylinux_2_17_aarch64.manylinux_2_28_aarch64.whl", hash = "sha256:fc51a5b864f73a3a182584b1ac75c404396a17eced54341629d8bdcb644a5bba"},
    {file = "mypy-1.19.0-cp313-cp313-manylinux2014_x86_64.manylinux_2_17_x86_64.manylinux_2_28_x86_64.whl", hash = "sha256:37af5166f9475872034b56c5efdcf65ee25394e9e1d172907b84577120714364"},
    {file = "mypy-1.19.0-cp313-cp313-musllinux_1_2_x86_64.whl", hash = "sha256:510c014b722308c9bd377993bcbf9a07d7e0692e5fa8fc70e639c1eb19fc6bee"},
    {file = "mypy-1.19.0-cp313-cp313-win_amd64.whl", hash = "sha256:cabbee74f29aa9cd3b444ec2f1e4fa5a9d0d746ce7567a6a609e224429781f53"},
    {file = "mypy-1.19.0-cp314-cp314-macosx_10_15_x86_64.whl", hash = "sha256:f2e36bed3c6d9b5f35d28b63ca4b727cb0228e480826ffc8953d1892ddc8999d"},
    {file = "mypy-1.19.0-cp314-cp314-macosx_11_0_arm64.whl", hash = "sha256:a18d8abdda14035c5718acb748faec09571432811af129bf0d9e7b2d6699bf18"},
    {file = "mypy-1.19.0-cp314-cp314-manylinux2014_aarch64.manylinux_2_17_aarch64.manylinux_2_28_aarch64.whl", hash = "sha256:f75e60aca3723a23511948539b0d7ed514dda194bc3755eae0bfc7a6b4887aa7"},
    {file = "mypy-1.19.0-cp314-cp314-manylinux2014_x86_64.manylinux_2_17_x86_64.manylinux_2_28_x86_64.whl", hash = "sha256:8f44f2ae3c58421ee05fe609160343c25f70e3967f6e32792b5a78006a9d850f"},
    {file = "mypy-1.19.0-cp314-cp314-musllinux_1_2_x86_64.whl", hash = "sha256:63ea6a00e4bd6822adbfc75b02ab3653a17c02c4347f5bb0cf1d5b9df3a05835"},
    {file = "mypy-1.19.0-cp314-cp314-win_amd64.whl", hash = "sha256:3ad925b14a0bb99821ff6f734553294aa6a3440a8cb082fe1f5b84dfb662afb1"},
    {file = "mypy-1.19.0-cp39-cp39-macosx_10_9_x86_64.whl", hash = "sha256:0dde5cb375cb94deff0d4b548b993bec52859d1651e073d63a1386d392a95495"},
    {file = "mypy-1.19.0-cp39-cp39-macosx_11_0_arm64.whl", hash = "sha256:1cf9c59398db1c68a134b0b5354a09a1e124523f00bacd68e553b8bd16ff3299"},
    {file = "mypy-1.19.0-cp39-cp39-manylinux2014_aarch64.manylinux_2_17_aarch64.manylinux_2_28_aarch64.whl", hash = "sha256:3210d87b30e6af9c8faed61be2642fcbe60ef77cec64fa1ef810a630a4cf671c"},
    {file = "mypy-1.19.0-cp39-cp39-manylinux2014_x86_64.manylinux_2_17_x86_64.manylinux_2_28_x86_64.whl", hash = "sha256:e2c1101ab41d01303103ab6ef82cbbfedb81c1a060c868fa7cc013d573d37ab5"},
    {file = "mypy-1.19.0-cp39-cp39-musllinux_1_2_x86_64.whl", hash = "sha256:0ea4fd21bb48f0da49e6d3b37ef6bd7e8228b9fe41bbf4d80d9364d11adbd43c"},
    {file = "mypy-1.19.0-cp39-cp39-win_amd64.whl", hash = "sha256:16f76ff3f3fd8137aadf593cb4607d82634fca675e8211ad75c43d86033ee6c6"},
    {file = "mypy-1.19.0-py3-none-any.whl", hash = "sha256:0c01c99d626380752e527d5ce8e69ffbba2046eb8a060db0329690849cf9b6f9"},
    {file = "mypy-1.19.0.tar.gz", hash = "sha256:f6b874ca77f733222641e5c46e4711648c4037ea13646fd0cdc814c2eaec2528"},
]

[package.dependencies]
librt = ">=0.6.2"
mypy_extensions = ">=1.0.0"
pathspec = ">=0.9.0"
tomli = {version = ">=1.1.0", markers = "python_version < \"3.11\""}
typing_extensions = ">=4.6.0"

[package.extras]
dmypy = ["psutil (>=4.0)"]
faster-cache = ["orjson"]
install-types = ["pip"]
mypyc = ["setuptools (>=50)"]
reports = ["lxml"]

[[package]]
name = "mypy-extensions"
version = "1.1.0"
description = "Type system extensions for programs checked with the mypy type checker."
optional = false
python-versions = ">=3.8"
groups = ["dev"]
files = [
    {file = "mypy_extensions-1.1.0-py3-none-any.whl", hash = "sha256:1be4cccdb0f2482337c4743e60421de3a356cd97508abadd57d47403e94f5505"},
    {file = "mypy_extensions-1.1.0.tar.gz", hash = "sha256:52e68efc3284861e772bbcd66823fde5ae21fd2fdb51c62a211403730b916558"},
]

[[package]]
name = "packaging"
version = "25.0"
description = "Core utilities for Python packages"
optional = false
python-versions = ">=3.8"
groups = ["dev"]
files = [
    {file = "packaging-25.0-py3-none-any.whl", hash = "sha256:29572ef2b1f17581046b3a2227d5c611fb25ec70ca1ba8554b24b0e69331a484"},
    {file = "packaging-25.0.tar.gz", hash = "sha256:d443872c98d677bf60f6a1f2f8c1cb748e8fe762d2bf9d3148b5599295b0fc4f"},
]

[[package]]
name = "pathspec"
version = "0.12.1"
description = "Utility library for gitignore style pattern matching of file paths."
optional = false
python-versions = ">=3.8"
groups = ["dev"]
files = [
    {file = "pathspec-0.12.1-py3-none-any.whl", hash = "sha256:a0d503e138a4c123b27490a4f7beda6a01c6f288df0e4a8b79c7eb0dc7b4cc08"},
    {file = "pathspec-0.12.1.tar.gz", hash = "sha256:a482d51503a1ab33b1c67a6c3813a26953dbdc71c31dacaef9a838c4e29f5712"},
]

[[package]]
name = "platformdirs"
version = "4.5.1"
description = "A small Python package for determining appropriate platform-specific dirs, e.g. a `user data dir`."
optional = false
python-versions = ">=3.10"
groups = ["dev"]
files = [
    {file = "platformdirs-4.5.1-py3-none-any.whl", hash = "sha256:d03afa3963c806a9bed9d5125c8f4cb2fdaf74a55ab60e5d59b3fde758104d31"},
    {file = "platformdirs-4.5.1.tar.gz", hash = "sha256:61d5cdcc6065745cdd94f0f878977f8de9437be93de97c1c12f853c9c0cdcbda"},
]

[package.extras]
docs = ["furo (>=2025.9.25)", "proselint (>=0.14)", "sphinx (>=8.2.3)", "sphinx-autodoc-typehints (>=3.2)"]
test = ["appdirs (==1.4.4)", "covdefaults (>=2.3)", "pytest (>=8.4.2)", "pytest-cov (>=7)", "pytest-mock (>=3.15.1)"]
type = ["mypy (>=1.18.2)"]

[[package]]
name = "pycryptodome"
version = "3.23.0"
description = "Cryptographic library for Python"
optional = false
python-versions = "!=3.0.*,!=3.1.*,!=3.2.*,!=3.3.*,!=3.4.*,!=3.5.*,!=3.6.*,>=2.7"
groups = ["dev"]
files = [
    {file = "pycryptodome-3.23.0-cp27-cp27m-macosx_10_9_x86_64.whl", hash = "sha256:a176b79c49af27d7f6c12e4b178b0824626f40a7b9fed08f712291b6d54bf566"},
    {file = "pycryptodome-3.23.0-cp27-cp27m-manylinux2010_i686.whl", hash = "sha256:573a0b3017e06f2cffd27d92ef22e46aa3be87a2d317a5abf7cc0e84e321bd75"},
    {file = "pycryptodome-3.23.0-cp27-cp27m-manylinux2010_x86_64.whl", hash = "sha256:63dad881b99ca653302b2c7191998dd677226222a3f2ea79999aa51ce695f720"},
    {file = "pycryptodome-3.23.0-cp27-cp27m-win32.whl", hash = "sha256:b34e8e11d97889df57166eda1e1ddd7676da5fcd4d71a0062a760e75060514b4"},
    {file = "pycryptodome-3.23.0-cp27-cp27mu-manylinux2010_i686.whl", hash = "sha256:7ac1080a8da569bde76c0a104589c4f414b8ba296c0b3738cf39a466a9fb1818"},
    {file = "pycryptodome-3.23.0-cp27-cp27mu-manylinux2010_x86_64.whl", hash = "sha256:6fe8258e2039eceb74dfec66b3672552b6b7d2c235b2dfecc05d16b8921649a8"},
    {file = "pycryptodome-3.23.0-cp313-cp313t-macosx_10_13_universal2.whl", hash = "sha256:0011f7f00cdb74879142011f95133274741778abba114ceca229adbf8e62c3e4"},
    {file = "pycryptodome-3.23.0-cp313-cp313t-macosx_10_13_x86_64.whl", hash = "sha256:90460fc9e088ce095f9ee8356722d4f10f86e5be06e2354230a9880b9c549aae"},
    {file = "pycryptodome-3.23.0-cp313-cp313t-manylinux_2_17_aarch64.manylinux2014_aarch64.whl", hash = "sha256:4764e64b269fc83b00f682c47443c2e6e85b18273712b98aa43bcb77f8570477"},
    {file = "pycryptodome-3.23.0-cp313-cp313t-manylinux_2_17_x86_64.manylinux2014_x86_64.whl", hash = "sha256:eb8f24adb74984aa0e5d07a2368ad95276cf38051fe2dc6605cbcf482e04f2a7"},
    {file = "pycryptodome-3.23.0-cp313-cp313t-manylinux_2_5_i686.manylinux1_i686.manylinux_2_17_i686.manylinux2014_i686.whl", hash = "sha256:d97618c9c6684a97ef7637ba43bdf6663a2e2e77efe0f863cce97a76af396446"},
    {file = "pycryptodome-3.23.0-cp313-cp313t-musllinux_1_2_aarch64.whl", hash = "sha256:9a53a4fe5cb075075d515797d6ce2f56772ea7e6a1e5e4b96cf78a14bac3d265"},
    {file = "pycryptodome-3.23.0-cp313-cp313t-musllinux_1_2_i686.whl", hash = "sha256:763d1d74f56f031788e5d307029caef067febf890cd1f8bf61183ae142f1a77b"},
    {file = "pycryptodome-3.23.0-cp313-cp313t-musllinux_1_2_x86_64.whl", hash = "sha256:954af0e2bd7cea83ce72243b14e4fb518b18f0c1649b576d114973e2073b273d"},
    {file = "pycryptodome-3.23.0-cp313-cp313t-win32.whl", hash = "sha256:257bb3572c63ad8ba40b89f6fc9d63a2a628e9f9708d31ee26560925ebe0210a"},
    {file = "pycryptodome-3.23.0-cp313-cp313t-win_amd64.whl", hash = "sha256:6501790c5b62a29fcb227bd6b62012181d886a767ce9ed03b303d1f22eb5c625"},
    {file = "pycryptodome-3.23.0-cp313-cp313t-win_arm64.whl", hash = "sha256:9a77627a330ab23ca43b48b130e202582e91cc69619947840ea4d2d1be21eb39"},
    {file = "pycryptodome-3.23.0-cp37-abi3-macosx_10_9_universal2.whl", hash = "sha256:187058ab80b3281b1de11c2e6842a357a1f71b42cb1e15bce373f3d238135c27"},
    {file = "pycryptodome-3.23.0-cp37-abi3-macosx_10_9_x86_64.whl", hash = "sha256:cfb5cd445280c5b0a4e6187a7ce8de5a07b5f3f897f235caa11f1f435f182843"},
    {file = "pycryptodome-3.23.0-cp37-abi3-manylinux_2_17_aarch64.manylinux2014_aarch64.whl", hash = "sha256:67bd81fcbe34f43ad9422ee8fd4843c8e7198dd88dd3d40e6de42ee65fbe1490"},
    {file = "pycryptodome-3.23.0-cp37-abi3-manylinux_2_17_x86_64.manylinux2014_x86_64.whl", hash = "sha256:c8987bd3307a39bc03df5c8e0e3d8be0c4c3518b7f044b0f4c15d1aa78f52575"},
    {file = "pycryptodome-3.23.0-cp37-abi3-manylinux_2_5_i686.manylinux1_i686.manylinux_2_17_i686.manylinux2014_i686.whl", hash = "sha256:aa0698f65e5b570426fc31b8162ed4603b0c2841cbb9088e2b01641e3065915b"},
    {file = "pycryptodome-3.23.0-cp37-abi3-musllinux_1_2_aarch64.whl", hash = "sha256:53ecbafc2b55353edcebd64bf5da94a2a2cdf5090a6915bcca6eca6cc452585a"},
    {file = "pycryptodome-3.23.0-cp37-abi3-musllinux_1_2_i686.whl", hash = "sha256:156df9667ad9f2ad26255926524e1c136d6664b741547deb0a86a9acf5ea631f"},
    {file = "pycryptodome-3.23.0-cp37-abi3-musllinux_1_2_x86_64.whl", hash = "sha256:dea827b4d55ee390dc89b2afe5927d4308a8b538ae91d9c6f7a5090f397af1aa"},
    {file = "pycryptodome-3.23.0-cp37-abi3-win32.whl", hash = "sha256:507dbead45474b62b2bbe318eb1c4c8ee641077532067fec9c1aa82c31f84886"},
    {file = "pycryptodome-3.23.0-cp37-abi3-win_amd64.whl", hash = "sha256:c75b52aacc6c0c260f204cbdd834f76edc9fb0d8e0da9fbf8352ef58202564e2"},
    {file = "pycryptodome-3.23.0-cp37-abi3-win_arm64.whl", hash = "sha256:11eeeb6917903876f134b56ba11abe95c0b0fd5e3330def218083c7d98bbcb3c"},
    {file = "pycryptodome-3.23.0-pp27-pypy_73-manylinux2010_x86_64.whl", hash = "sha256:350ebc1eba1da729b35ab7627a833a1a355ee4e852d8ba0447fafe7b14504d56"},
    {file = "pycryptodome-3.23.0-pp27-pypy_73-win32.whl", hash = "sha256:93837e379a3e5fd2bb00302a47aee9fdf7940d83595be3915752c74033d17ca7"},
    {file = "pycryptodome-3.23.0-pp310-pypy310_pp73-macosx_10_15_x86_64.whl", hash = "sha256:ddb95b49df036ddd264a0ad246d1be5b672000f12d6961ea2c267083a5e19379"},
    {file = "pycryptodome-3.23.0-pp310-pypy310_pp73-manylinux_2_17_aarch64.manylinux2014_aarch64.whl", hash = "sha256:d8e95564beb8782abfd9e431c974e14563a794a4944c29d6d3b7b5ea042110b4"},
    {file = "pycryptodome-3.23.0-pp310-pypy310_pp73-manylinux_2_17_x86_64.manylinux2014_x86_64.whl", hash = "sha256:14e15c081e912c4b0d75632acd8382dfce45b258667aa3c67caf7a4d4c13f630"},
    {file = "pycryptodome-3.23.0-pp310-pypy310_pp73-manylinux_2_5_i686.manylinux1_i686.manylinux_2_17_i686.manylinux2014_i686.whl", hash = "sha256:a7fc76bf273353dc7e5207d172b83f569540fc9a28d63171061c42e361d22353"},
    {file = "pycryptodome-3.23.0-pp310-pypy310_pp73-win_amd64.whl", hash = "sha256:45c69ad715ca1a94f778215a11e66b7ff989d792a4d63b68dc586a1da1392ff5"},
    {file = "pycryptodome-3.23.0-pp39-pypy39_pp73-macosx_10_15_x86_64.whl", hash = "sha256:865d83c906b0fc6a59b510deceee656b6bc1c4fa0d82176e2b77e97a420a996a"},
    {file = "pycryptodome-3.23.0-pp39-pypy39_pp73-manylinux_2_17_aarch64.manylinux2014_aarch64.whl", hash = "sha256:89d4d56153efc4d81defe8b65fd0821ef8b2d5ddf8ed19df31ba2f00872b8002"},
    {file = "pycryptodome-3.23.0-pp39-pypy39_pp73-manylinux_2_17_x86_64.manylinux2014_x86_64.whl", hash = "sha256:e3f2d0aaf8080bda0587d58fc9fe4766e012441e2eed4269a77de6aea981c8be"},
    {file = "pycryptodome-3.23.0-pp39-pypy39_pp73-manylinux_2_5_i686.manylinux1_i686.manylinux_2_17_i686.manylinux2014_i686.whl", hash = "sha256:64093fc334c1eccfd3933c134c4457c34eaca235eeae49d69449dc4728079339"},
    {file = "pycryptodome-3.23.0-pp39-pypy39_pp73-win_amd64.whl", hash = "sha256:ce64e84a962b63a47a592690bdc16a7eaf709d2c2697ababf24a0def566899a6"},
    {file = "pycryptodome-3.23.0.tar.gz", hash = "sha256:447700a657182d60338bab09fdb27518f8856aecd80ae4c6bdddb67ff5da44ef"},
]

[[package]]
name = "pytokens"
version = "0.3.0"
description = "A Fast, spec compliant Python 3.14+ tokenizer that runs on older Pythons."
optional = false
python-versions = ">=3.8"
groups = ["dev"]
files = [
    {file = "pytokens-0.3.0-py3-none-any.whl", hash = "sha256:95b2b5eaf832e469d141a378872480ede3f251a5a5041b8ec6e581d3ac71bbf3"},
    {file = "pytokens-0.3.0.tar.gz", hash = "sha256:2f932b14ed08de5fcf0b391ace2642f858f1394c0857202959000b68ed7a458a"},
]

[package.extras]
dev = ["black", "build", "mypy", "pytest", "pytest-cov", "setuptools", "tox", "twine", "wheel"]

[[package]]
name = "tomli"
version = "2.3.0"
description = "A lil' TOML parser"
optional = false
python-versions = ">=3.8"
groups = ["dev"]
markers = "python_version == \"3.10\""
files = [
    {file = "tomli-2.3.0-cp311-cp311-macosx_10_9_x86_64.whl", hash = "sha256:88bd15eb972f3664f5ed4b57c1634a97153b4bac4479dcb6a495f41921eb7f45"},
    {file = "tomli-2.3.0-cp311-cp311-macosx_11_0_arm64.whl", hash = "sha256:883b1c0d6398a6a9d29b508c331fa56adbcdff647f6ace4dfca0f50e90dfd0ba"},
    {file = "tomli-2.3.0-cp311-cp311-manylinux2014_aarch64.manylinux_2_17_aarch64.manylinux_2_28_aarch64.whl", hash = "sha256:d1381caf13ab9f300e30dd8feadb3de072aeb86f1d34a8569453ff32a7dea4bf"},
    {file = "tomli-2.3.0-cp311-cp311-manylinux2014_x86_64.manylinux_2_17_x86_64.manylinux_2_28_x86_64.whl", hash = "sha256:a0e285d2649b78c0d9027570d4da3425bdb49830a6156121360b3f8511ea3441"},
    {file = "tomli-2.3.0-cp311-cp311-musllinux_1_2_aarch64.whl", hash = "sha256:0a154a9ae14bfcf5d8917a59b51ffd5a3ac1fd149b71b47a3a104ca4edcfa845"},
    {file = "tomli-2.3.0-cp311-cp311-musllinux_1_2_x86_64.whl", hash = "sha256:74bf8464ff93e413514fefd2be591c3b0b23231a77f901db1eb30d6f712fc42c"},
    {file = "tomli-2.3.0-cp311-cp311-win32.whl", hash = "sha256:00b5f5d95bbfc7d12f91ad8c593a1659b6387b43f054104cda404be6bda62456"},
    {file = "tomli-2.3.0-cp311-cp311-win_amd64.whl", hash = "sha256:4dc4ce8483a5d429ab602f111a93a6ab1ed425eae3122032db7e9acf449451be"},
    {file = "tomli-2.3.0-cp312-cp312-macosx_10_13_x86_64.whl", hash = "sha256:d7d86942e56ded512a594786a5ba0a5e521d02529b3826e7761a05138341a2ac"},
    {file = "tomli-2.3.0-cp312-cp312-macosx_11_0_arm64.whl", hash = "sha256:73ee0b47d4dad1c5e996e3cd33b8a76a50167ae5f96a2607cbe8cc773506ab22"},
    {file = "tomli-2.3.0-cp312-cp312-manylinux2014_aarch64.manylinux_2_17_aarch64.manylinux_2_28_aarch64.whl", hash = "sha256:792262b94d5d0a466afb5bc63c7daa9d75520110971ee269152083270998316f"},
    {file = "tomli-2.3.0-cp312-cp312-manylinux2014_x86_64.manylinux_2_17_x86_64.manylinux_2_28_x86_64.whl", hash = "sha256:4f195fe57ecceac95a66a75ac24d9d5fbc98ef0962e09b2eddec5d39375aae52"},
    {file = "tomli-2.3.0-cp312-cp312-musllinux_1_2_aarch64.whl", hash = "sha256:e31d432427dcbf4d86958c184b9bfd1e96b5b71f8eb17e6d02531f434fd335b8"},
    {file = "tomli-2.3.0-cp312-cp312-musllinux_1_2_x86_64.whl", hash = "sha256:7b0882799624980785240ab732537fcfc372601015c00f7fc367c55308c186f6"},
    {file = "tomli-2.3.0-cp312-cp312-win32.whl", hash = "sha256:ff72b71b5d10d22ecb084d345fc26f42b5143c5533db5e2eaba7d2d335358876"},
    {file = "tomli-2.3.0-cp312-cp312-win_amd64.whl", hash = "sha256:1cb4ed918939151a03f33d4242ccd0aa5f11b3547d0cf30f7c74a408a5b99878"},
    {file = "tomli-2.3.0-cp313-cp313-macosx_10_13_x86_64.whl", hash = "sha256:5192f562738228945d7b13d4930baffda67b69425a7f0da96d360b0a3888136b"},
    {file = "tomli-2.3.0-cp313-cp313-macosx_11_0_arm64.whl", hash = "sha256:be71c93a63d738597996be9528f4abe628d1adf5e6eb11607bc8fe1a510b5dae"},
    {file = "tomli-2.3.0-cp313-cp313-manylinux2014_aarch64.manylinux_2_17_aarch64.manylinux_2_28_aarch64.whl", hash = "sha256:c4665508bcbac83a31ff8ab08f424b665200c0e1e645d2bd9ab3d3e557b6185b"},
    {file = "tomli-2.3.0-cp313-cp313-manylinux2014_x86_64.manylinux_2_17_x86_64.manylinux_2_28_x86_64.whl", hash = "sha256:4021923f97266babc6ccab9f5068642a0095faa0a51a246a6a02fccbb3514eaf"},
    {file = "tomli-2.3.0-cp313-cp313-musllinux_1_2_aarch64.whl", hash = "sha256:a4ea38c40145a357d513bffad0ed869f13c1773716cf71ccaa83b0fa0cc4e42f"},
    {file = "tomli-2.3.0-cp313-cp313-musllinux_1_2_x86_64.whl", hash = "sha256:ad805ea85eda330dbad64c7ea7a4556259665bdf9d2672f5dccc740eb9d3ca05"},
    {file = "tomli-2.3.0-cp313-cp313-win32.whl", hash = "sha256:97d5eec30149fd3294270e889b4234023f2c69747e555a27bd708828353ab606"},
    {file = "tomli-2.3.0-cp313-cp313-win_amd64.whl", hash = "sha256:0c95ca56fbe89e065c6ead5b593ee64b84a26fca063b5d71a1122bf26e533999"},
    {file = "tomli-2.3.0-cp314-cp314-macosx_10_13_x86_64.whl", hash = "sha256:cebc6fe843e0733ee827a282aca4999b596241195f43b4cc371d64fc6639da9e"},
    {file = "tomli-2.3.0-cp314-cp314-macosx_11_0_arm64.whl", hash = "sha256:4c2ef0244c75aba9355561272009d934953817c49f47d768070c3c94355c2aa3"},
    {file = "tomli-2.3.0-cp314-cp314-manylinux2014_aarch64.manylinux_2_17_aarch64.manylinux_2_28_aarch64.whl", hash = "sha256:c22a8bf253bacc0cf11f35ad9808b6cb75ada2631c2d97c971122583b129afbc"},
    {file = "tomli-2.3.0-cp314-cp314-manylinux2014_x86_64.manylinux_2_17_x86_64.manylinux_2_28_x86_64.whl", hash = "sha256:0eea8cc5c5e9f89c9b90c4896a8deefc74f518db5927d0e0e8d4a80953d774d0"},
    {file = "tomli-2.3.0-cp314-cp314-musllinux_1_2_aarch64.whl", hash = "sha256:b74a0e59ec5d15127acdabd75ea17726ac4c5178ae51b85bfe39c4f8a278e879"},
    {file = "tomli-2.3.0-cp314-cp314-musllinux_1_2_x86_64.whl", hash = "sha256:b5870b50c9db823c595983571d1296a6ff3e1b88f734a4c8f6fc6188397de005"},
    {file = "tomli-2.3.0-cp314-cp314-win32.whl", hash = "sha256:feb0dacc61170ed7ab602d3d972a58f14ee3ee60494292d384649a3dc38ef463"},
    {file = "tomli-2.3.0-cp314-cp314-win_amd64.whl", hash = "sha256:b273fcbd7fc64dc3600c098e39136522650c49bca95df2d11cf3b626422392c8"},
    {file = "tomli-2.3.0-cp314-cp314t-macosx_10_13_x86_64.whl", hash = "sha256:940d56ee0410fa17ee1f12b817b37a4d4e4dc4d27340863cc67236c74f582e77"},
    {file = "tomli-2.3.0-cp314-cp314t-macosx_11_0_arm64.whl", hash = "sha256:f85209946d1fe94416debbb88d00eb92ce9cd5266775424ff81bc959e001acaf"},
    {file = "tomli-2.3.0-cp314-cp314t-manylinux2014_aarch64.manylinux_2_17_aarch64.manylinux_2_28_aarch64.whl", hash = "sha256:a56212bdcce682e56b0aaf79e869ba5d15a6163f88d5451cbde388d48b13f530"},
    {file = "tomli-2.3.0-cp314-cp314t-manylinux2014_x86_64.manylinux_2_17_x86_64.manylinux_2_28_x86_64.whl", hash = "sha256:c5f3ffd1e098dfc032d4d3af5c0ac64f6d286d98bc148698356847b80fa4de1b"},
    {file = "tomli-2.3.0-cp314-cp314t-musllinux_1_2_aarch64.whl", hash = "sha256:5e01decd096b1530d97d5d85cb4dff4af2d8347bd35686654a004f8dea20fc67"},
    {file = "tomli-2.3.0-cp314-cp314t-musllinux_1_2_x86_64.whl", hash = "sha256:8a35dd0e643bb2610f156cca8db95d213a90015c11fee76c946aa62b7ae7e02f"},
    {file = "tomli-2.3.0-cp314-cp314t-win32.whl", hash = "sha256:a1f7f282fe248311650081faafa5f4732bdbfef5d45fe3f2e702fbc6f2d496e0"},
    {file = "tomli-2.3.0-cp314-cp314t-win_amd64.whl", hash = "sha256:70a251f8d4ba2d9ac2542eecf008b3c8a9fc5c3f9f02c56a9d7952612be2fdba"},
    {file = "tomli-2.3.0-py3-none-any.whl", hash = "sha256:e95b1af3c5b07d9e643909b5abbec77cd9f1217e6d0bca72b0234736b9fb1f1b"},
    {file = "tomli-2.3.0.tar.gz", hash = "sha256:64be704a875d2a59753d80ee8a533c3fe183e3f06807ff7dc2232938ccb01549"},
]

[[package]]
name = "types-protobuf"
version = "6.32.1.20251210"
description = "Typing stubs for protobuf"
optional = false
python-versions = ">=3.9"
groups = ["dev"]
files = [
    {file = "types_protobuf-6.32.1.20251210-py3-none-any.whl", hash = "sha256:2641f78f3696822a048cfb8d0ff42ccd85c25f12f871fbebe86da63793692140"},
    {file = "types_protobuf-6.32.1.20251210.tar.gz", hash = "sha256:c698bb3f020274b1a2798ae09dc773728ce3f75209a35187bd11916ebfde6763"},
]

[[package]]
name = "typing-extensions"
version = "4.15.0"
description = "Backported and Experimental Type Hints for Python 3.9+"
optional = false
python-versions = ">=3.9"
groups = ["main", "dev"]
files = [
    {file = "typing_extensions-4.15.0-py3-none-any.whl", hash = "sha256:f0fa19c6845758ab08074a0cfa8b7aecb71c999ca73d62883bc25cc018c4e548"},
    {file = "typing_extensions-4.15.0.tar.gz", hash = "sha256:0cea48d173cc12fa28ecabc3b837ea3cf6f38c6d1136f85cbaaf598984861466"},
]

[[package]]
name = "umadb"
version = "0.1.30"
description = "Python client for UmaDB event store"
optional = false
python-versions = ">=3.10"
groups = ["main"]
files = [
    {file = "umadb-0.1.30-cp310-abi3-macosx_10_12_x86_64.whl", hash = "sha256:433da8de689fe779247c98c1607596260c3510eb34e0b74957da366c2fcbda88"},
    {file = "umadb-0.1.30-cp310-abi3-macosx_11_0_arm64.whl", hash = "sha256:734e964394f4510b76c2014f3ea08b278dff43414612c2ba873b54c0c1b91b2e"},
    {file = "umadb-0.1.30-cp310-abi3-manylinux_2_28_aarch64.whl", hash = "sha256:4b0335a38ab735953ab730a2e7fd7550c1b503a5cce4dffa139d825df05f5b85"},
    {file = "umadb-0.1.30-cp310-abi3-manylinux_2_28_x86_64.whl", hash = "sha256:85033f783010f8bc87142a3b5ca8b46df969fe28ae5b8eb12e6223b9d931ba0c"},
    {file = "umadb-0.1.30-cp310-abi3-musllinux_1_2_aarch64.whl", hash = "sha256:4543b63b7e779d0290975bf5488629cb59b4e263549d06fcb51c36e9963a4a22"},
    {file = "umadb-0.1.30-cp310-abi3-musllinux_1_2_x86_64.whl", hash = "sha256:bbd134c1ef6db613c67da3cfd7e11c68424d9b7d8406aec13291ca8e8efbdac1"},
    {file = "umadb-0.1.30-cp310-abi3-win32.whl", hash = "sha256:4ba797cb736fbe538ace1e36b5c2076b8dd929116421b4eae2be4570e3454125"},
    {file = "umadb-0.1.30-cp310-abi3-win_amd64.whl", hash = "sha256:187cadf7d10f3f9ef01d1ebb83ec246c2a5772de2ff3f119fae84f15c16356ad"},
    {file = "umadb-0.1.30.tar.gz", hash = "sha256:719f3c7066e2b394bea909a5d0fb6fcbc45970c38eca9be3b8462ef75bbcf750"},
]

[metadata]
lock-version = "2.1"
python-versions = ">=3.10"
content-hash = "6d6da57549dc8bdb980c679d58624bf09b7ed13f6461166964925e69aa82daeb"
